
Microsoft Visual Studio Solution File, Format Version 12.00
# Visual Studio Version 16
VisualStudioVersion = 16.0.31829.152
MinimumVisualStudioVersion = 10.0.40219.1
Project("{9A19103F-16F7-4668-BE54-9A1E7A4F7556}") = "PortalJustNotificationManager", "PortalJustNotificationManager\PortalJustNotificationManager.csproj", "{0F593FF6-192A-4397-907D-E7342E32000C}"
EndProject
Global
	GlobalSection(SolutionConfigurationPlatforms) = preSolution
		Debug|Any CPU = Debug|Any CPU
		Debug|x86 = Debug|x86
		Release|Any CPU = Release|Any CPU
		Release|x86 = Release|x86
	EndGlobalSection
	GlobalSection(ProjectConfigurationPlatforms) = postSolution
		{0F593FF6-192A-4397-907D-E7342E32000C}.Debug|Any CPU.ActiveCfg = Debug|Any CPU
		{0F593FF6-192A-4397-907D-E7342E32000C}.Debug|Any CPU.Build.0 = Debug|Any CPU
		{0F593FF6-192A-4397-907D-E7342E32000C}.Debug|x86.ActiveCfg = Debug|Any CPU
		{0F593FF6-192A-4397-907D-E7342E32000C}.Debug|x86.Build.0 = Debug|Any CPU
		{0F593FF6-192A-4397-907D-E7342E32000C}.Release|Any CPU.ActiveCfg = Release|Any CPU
		{0F593FF6-192A-4397-907D-E7342E32000C}.Release|Any CPU.Build.0 = Release|Any CPU
		{0F593FF6-192A-4397-907D-E7342E32000C}.Release|x86.ActiveCfg = Release|Any CPU
		{0F593FF6-192A-4397-907D-E7342E32000C}.Release|x86.Build.0 = Release|Any CPU
	EndGlobalSection
	GlobalSection(SolutionProperties) = preSolution
		HideSolutionNode = FALSE
	EndGlobalSection
	GlobalSection(ExtensibilityGlobals) = postSolution
		SolutionGuid = {80C5E399-FCE3-47F8-AAD5-5F19D4C8CD8D}
	EndGlobalSection
EndGlobal
